
Microsoft Visual Studio Solution File, Format Version 12.00
# Visual Studio Version 16
VisualStudioVersion = 16.0.30611.23
MinimumVisualStudioVersion = 10.0.40219.1
Project("{FAE04EC0-301F-11D3-BF4B-00C04F79EFBC}") = "BackGroundMovie", "BackGroundMovie\BackGroundMovie.csproj", "{34F79A73-60A9-4807-9929-FDBA8249416F}"
EndProject
Global
	GlobalSection(SolutionConfigurationPlatforms) = preSolution
		Debug|Any CPU = Debug|Any CPU
		Release|Any CPU = Release|Any CPU
	EndGlobalSection
	GlobalSection(ProjectConfigurationPlatforms) = postSolution
		{34F79A73-60A9-4807-9929-FDBA8249416F}.Debug|Any CPU.ActiveCfg = Debug|Any CPU
		{34F79A73-60A9-4807-9929-FDBA8249416F}.Debug|Any CPU.Build.0 = Debug|Any CPU
		{34F79A73-60A9-4807-9929-FDBA8249416F}.Release|Any CPU.ActiveCfg = Release|Any CPU
		{34F79A73-60A9-4807-9929-FDBA8249416F}.Release|Any CPU.Build.0 = Release|Any CPU
	EndGlobalSection
	GlobalSection(SolutionProperties) = preSolution
		HideSolutionNode = FALSE
	EndGlobalSection
	GlobalSection(ExtensibilityGlobals) = postSolution
		SolutionGuid = {45724ED1-3743-4422-A4A3-EA7FA30CF681}
	EndGlobalSection
EndGlobal
